<?xml version="1.0" encoding="utf-8"?>
<Project ToolsVersion="4.0" xmlns="http://schemas.microsoft.com/developer/msbuild/2003">
  <ItemGroup>
    <Filter Include="Source Files">
      <UniqueIdentifier>{4FC737F1-C7A5-4376-A066-2A32D752A2FF}</UniqueIdentifier>
      <Extensions>cpp;c;cc;cxx;c++;cppm;ixx;def;odl;idl;hpj;bat;asm;asmx</Extensions>
    </Filter>
    <Filter Include="Header Files">
      <UniqueIdentifier>{93995380-89BD-4b04-88EB-625FBE52EBFB}</UniqueIdentifier>
      <Extensions>h;hh;hpp;hxx;h++;hm;inl;inc;ipp;xsd</Extensions>
    </Filter>
    <Filter Include="Resource Files">
      <UniqueIdentifier>{67DA6AB6-F800-4c08-8B7A-83BB121AAD01}</UniqueIdentifier>
      <Extensions>rc;ico;cur;bmp;dlg;rc2;rct;bin;rgs;gif;jpg;jpeg;jpe;resx;tiff;tif;png;wav;mfcribbon-ms</Extensions>
    </Filter>
    <Filter Include="SDLWrapperSource">
      <UniqueIdentifier>{7c8959ac-4234-4347-b399-05a13853797b}</UniqueIdentifier>
    </Filter>
    <Filter Include="Source Files\Built In Components">
      <UniqueIdentifier>{af7c2ca9-bfa6-4647-a78d-1ef994439ae8}</UniqueIdentifier>
    </Filter>
    <Filter Include="Header Files\Built In Components">
      <UniqueIdentifier>{09006dd3-648c-4ddd-a93c-9ca01b002e55}</UniqueIdentifier>
    </Filter>
  </ItemGroup>
  <ItemGroup>
    <ClCompile Include="main.cpp">
      <Filter>Source Files</Filter>
    </ClCompile>
    <ClCompile Include="..\..\..\..\..\Personal\Programming\CPP\SDLWrapper\SDL_Wrapper_Lib\cpp_SDL.cpp">
      <Filter>SDLWrapperSource</Filter>
    </ClCompile>
    <ClCompile Include="..\..\..\..\..\Personal\Programming\CPP\SDLWrapper\SDL_Wrapper_Lib\cpp_SDL_Font.cpp">
      <Filter>SDLWrapperSource</Filter>
    </ClCompile>
    <ClCompile Include="..\..\..\..\..\Personal\Programming\CPP\SDLWrapper\SDL_Wrapper_Lib\cpp_SDL_Mix_Chunk.cpp">
      <Filter>SDLWrapperSource</Filter>
    </ClCompile>
    <ClCompile Include="..\..\..\..\..\Personal\Programming\CPP\SDLWrapper\SDL_Wrapper_Lib\cpp_SDL_Mix_Music.cpp">
      <Filter>SDLWrapperSource</Filter>
    </ClCompile>
    <ClCompile Include="..\..\..\..\..\Personal\Programming\CPP\SDLWrapper\SDL_Wrapper_Lib\cpp_SDL_Mixer.cpp">
      <Filter>SDLWrapperSource</Filter>
    </ClCompile>
    <ClCompile Include="..\..\..\..\..\Personal\Programming\CPP\SDLWrapper\SDL_Wrapper_Lib\cpp_SDL_Renderer.cpp">
      <Filter>SDLWrapperSource</Filter>
    </ClCompile>
    <ClCompile Include="..\..\..\..\..\Personal\Programming\CPP\SDLWrapper\SDL_Wrapper_Lib\cpp_SDL_Renderermanip.cpp">
      <Filter>SDLWrapperSource</Filter>
    </ClCompile>
    <ClCompile Include="..\..\..\..\..\Personal\Programming\CPP\SDLWrapper\SDL_Wrapper_Lib\cpp_SDL_Text.cpp">
      <Filter>SDLWrapperSource</Filter>
    </ClCompile>
    <ClCompile Include="..\..\..\..\..\Personal\Programming\CPP\SDLWrapper\SDL_Wrapper_Lib\cpp_SDL_Texture.cpp">
      <Filter>SDLWrapperSource</Filter>
    </ClCompile>
    <ClCompile Include="..\..\..\..\..\Personal\Programming\CPP\SDLWrapper\SDL_Wrapper_Lib\cpp_SDL_Window.cpp">
      <Filter>SDLWrapperSource</Filter>
    </ClCompile>
    <ClCompile Include="Vector2.cpp">
      <Filter>Source Files</Filter>
    </ClCompile>
    <ClCompile Include="Component.cpp">
      <Filter>Source Files</Filter>
    </ClCompile>
    <ClCompile Include="GameObject.cpp">
      <Filter>Source Files</Filter>
    </ClCompile>
  </ItemGroup>
  <ItemGroup>
    <ClInclude Include="Component.hpp">
      <Filter>Header Files</Filter>
    </ClInclude>
    <ClInclude Include="GameObject.hpp">
      <Filter>Header Files</Filter>
    </ClInclude>
    <ClInclude Include="Vector2.hpp">
      <Filter>Header Files</Filter>
    </ClInclude>
    <ClInclude Include="Transform.hpp">
      <Filter>Header Files</Filter>
    </ClInclude>
  </ItemGroup>
</Project>