<?xml version="1.0" encoding="utf-8"?>
<Project ToolsVersion="4.0" xmlns="http://schemas.microsoft.com/developer/msbuild/2003">
  <ItemGroup>
    <Filter Include="Resource Files">
      <UniqueIdentifier>{67DA6AB6-F800-4c08-8B7A-83BB121AAD01}</UniqueIdentifier>
      <Extensions>rc;ico;cur;bmp;dlg;rc2;rct;bin;rgs;gif;jpg;jpeg;jpe;resx;tiff;tif;png;wav;mfcribbon-ms</Extensions>
    </Filter>
    <Filter Include="SDLWrapperSource">
      <UniqueIdentifier>{7c8959ac-4234-4347-b399-05a13853797b}</UniqueIdentifier>
    </Filter>
    <Filter Include="Engine">
      <UniqueIdentifier>{0b0e9136-5616-4655-9eb1-ff78d99df307}</UniqueIdentifier>
    </Filter>
    <Filter Include="Engine\Built in components">
      <UniqueIdentifier>{0aa7ce2e-fae3-476b-a82d-7e39506d98de}</UniqueIdentifier>
    </Filter>
    <Filter Include="Test">
      <UniqueIdentifier>{579b594f-04d6-409b-9eea-da0874b52ae1}</UniqueIdentifier>
    </Filter>
    <Filter Include="Engine\Init">
      <UniqueIdentifier>{945f44b2-bc33-4fc0-93f8-a58f8e18d529}</UniqueIdentifier>
    </Filter>
    <Filter Include="Engine\Built in components\RendererComponent">
      <UniqueIdentifier>{51308341-8751-4b8b-bca0-ebc984ca21f1}</UniqueIdentifier>
    </Filter>
    <Filter Include="SDLWrapperSource\src">
      <UniqueIdentifier>{d713db4f-5f6b-4703-bf60-6bc91e863004}</UniqueIdentifier>
    </Filter>
    <Filter Include="SDLWrapperSource\header">
      <UniqueIdentifier>{e4e7ab87-472f-425d-8862-740765b10ad8}</UniqueIdentifier>
    </Filter>
    <Filter Include="memtrace">
      <UniqueIdentifier>{59822858-877e-4883-bff7-5742f3b6e9fd}</UniqueIdentifier>
    </Filter>
    <Filter Include="Engine\Core">
      <UniqueIdentifier>{5a38f133-501d-4044-aac5-c00bea8adb7d}</UniqueIdentifier>
    </Filter>
    <Filter Include="Engine\Core\Vec2">
      <UniqueIdentifier>{ee5f6ca0-0a2d-47a3-ad8c-ce8cfa3b36e7}</UniqueIdentifier>
    </Filter>
    <Filter Include="Engine\Core\Game">
      <UniqueIdentifier>{3275da79-d844-4364-99f4-171db502976b}</UniqueIdentifier>
    </Filter>
    <Filter Include="Engine\Core\Component">
      <UniqueIdentifier>{c3549187-b8fc-43f5-823e-b7a46eaec797}</UniqueIdentifier>
    </Filter>
    <Filter Include="Engine\Core\GameObject">
      <UniqueIdentifier>{205e2949-ac06-4b63-96d1-b9e516ce5b80}</UniqueIdentifier>
    </Filter>
    <Filter Include="Engine\Core\Transform">
      <UniqueIdentifier>{eb47459c-e28e-4bd0-9cbb-88d934bf6329}</UniqueIdentifier>
    </Filter>
    <Filter Include="Engine\Core\AssetManager">
      <UniqueIdentifier>{86138632-fec2-4961-a474-d2d51a94ce7b}</UniqueIdentifier>
    </Filter>
    <Filter Include="Engine\Core\Input">
      <UniqueIdentifier>{3f0ead6c-5328-46f0-b5de-0c1bdb37bc8d}</UniqueIdentifier>
    </Filter>
    <Filter Include="Engine\Built in components\UDCharacterController">
      <UniqueIdentifier>{2159642c-db39-4d87-ac7b-98ee98710024}</UniqueIdentifier>
    </Filter>
    <Filter Include="Engine\Built in components\WorldRendererComponent">
      <UniqueIdentifier>{3a859ce5-5d5b-4a3d-a50e-20e857d37996}</UniqueIdentifier>
    </Filter>
    <Filter Include="Engine\Core\Camera">
      <UniqueIdentifier>{a404c154-a513-42ab-a2cc-9788d6b4dfad}</UniqueIdentifier>
    </Filter>
    <Filter Include="Engine\Core\Time">
      <UniqueIdentifier>{d0ecf6bd-1e30-4186-8d8e-691e87da381c}</UniqueIdentifier>
    </Filter>
  </ItemGroup>
  <ItemGroup>
    <ClCompile Include="Component.cpp">
      <Filter>Engine\Core\Component</Filter>
    </ClCompile>
    <ClCompile Include="Game.cpp">
      <Filter>Engine\Core\Game</Filter>
    </ClCompile>
    <ClCompile Include="GameObject.cpp">
      <Filter>Engine\Core\GameObject</Filter>
    </ClCompile>
    <ClCompile Include="Vector2.cpp">
      <Filter>Engine\Core\Vec2</Filter>
    </ClCompile>
    <ClCompile Include="main.cpp">
      <Filter>Test</Filter>
    </ClCompile>
    <ClCompile Include="init.cpp">
      <Filter>Test</Filter>
    </ClCompile>
    <ClCompile Include="RendererComponent.cpp">
      <Filter>Engine\Built in components\RendererComponent</Filter>
    </ClCompile>
    <ClCompile Include="..\..\..\..\..\Personal\Programming\CPP\SDLWrapper\SDL_Wrapper_Lib\cpp_SDL.cpp">
      <Filter>SDLWrapperSource\src</Filter>
    </ClCompile>
    <ClCompile Include="..\..\..\..\..\Personal\Programming\CPP\SDLWrapper\SDL_Wrapper_Lib\cpp_SDL_Font.cpp">
      <Filter>SDLWrapperSource\src</Filter>
    </ClCompile>
    <ClCompile Include="..\..\..\..\..\Personal\Programming\CPP\SDLWrapper\SDL_Wrapper_Lib\cpp_SDL_Mix_Chunk.cpp">
      <Filter>SDLWrapperSource\src</Filter>
    </ClCompile>
    <ClCompile Include="..\..\..\..\..\Personal\Programming\CPP\SDLWrapper\SDL_Wrapper_Lib\cpp_SDL_Mix_Music.cpp">
      <Filter>SDLWrapperSource\src</Filter>
    </ClCompile>
    <ClCompile Include="..\..\..\..\..\Personal\Programming\CPP\SDLWrapper\SDL_Wrapper_Lib\cpp_SDL_Mixer.cpp">
      <Filter>SDLWrapperSource\src</Filter>
    </ClCompile>
    <ClCompile Include="..\..\..\..\..\Personal\Programming\CPP\SDLWrapper\SDL_Wrapper_Lib\cpp_SDL_Renderer.cpp">
      <Filter>SDLWrapperSource\src</Filter>
    </ClCompile>
    <ClCompile Include="..\..\..\..\..\Personal\Programming\CPP\SDLWrapper\SDL_Wrapper_Lib\cpp_SDL_Renderermanip.cpp">
      <Filter>SDLWrapperSource\src</Filter>
    </ClCompile>
    <ClCompile Include="..\..\..\..\..\Personal\Programming\CPP\SDLWrapper\SDL_Wrapper_Lib\cpp_SDL_Text.cpp">
      <Filter>SDLWrapperSource\src</Filter>
    </ClCompile>
    <ClCompile Include="..\..\..\..\..\Personal\Programming\CPP\SDLWrapper\SDL_Wrapper_Lib\cpp_SDL_Texture.cpp">
      <Filter>SDLWrapperSource\src</Filter>
    </ClCompile>
    <ClCompile Include="..\..\..\..\..\Personal\Programming\CPP\SDLWrapper\SDL_Wrapper_Lib\cpp_SDL_Window.cpp">
      <Filter>SDLWrapperSource\src</Filter>
    </ClCompile>
    <ClCompile Include="..\lib\memtrace.cpp">
      <Filter>memtrace</Filter>
    </ClCompile>
    <ClCompile Include="AssetManager.cpp">
      <Filter>Engine\Core\AssetManager</Filter>
    </ClCompile>
    <ClCompile Include="UDCharacterController.cpp">
      <Filter>Engine\Built in components\UDCharacterController</Filter>
    </ClCompile>
    <ClCompile Include="Input.cpp">
      <Filter>Engine\Core\Input</Filter>
    </ClCompile>
    <ClCompile Include="Camera.cpp">
      <Filter>Engine\Core\Camera</Filter>
    </ClCompile>
    <ClCompile Include="UIRendererComponent.cpp">
      <Filter>Engine\Built in components\WorldRendererComponent</Filter>
    </ClCompile>
    <ClCompile Include="Time.cpp">
      <Filter>Engine\Core\Time</Filter>
    </ClCompile>
  </ItemGroup>
  <ItemGroup>
    <ClInclude Include="Component.hpp">
      <Filter>Engine\Core\Component</Filter>
    </ClInclude>
    <ClInclude Include="Game.hpp">
      <Filter>Engine\Core\Game</Filter>
    </ClInclude>
    <ClInclude Include="GameObject.hpp">
      <Filter>Engine\Core\GameObject</Filter>
    </ClInclude>
    <ClInclude Include="Transform.hpp">
      <Filter>Engine\Core\Transform</Filter>
    </ClInclude>
    <ClInclude Include="Vector2.hpp">
      <Filter>Engine\Core\Vec2</Filter>
    </ClInclude>
    <ClInclude Include="init.hpp">
      <Filter>Engine\Init</Filter>
    </ClInclude>
    <ClInclude Include="example.hpp">
      <Filter>Test</Filter>
    </ClInclude>
    <ClInclude Include="SGL2.hpp">
      <Filter>Engine</Filter>
    </ClInclude>
    <ClInclude Include="RendererComponent.hpp">
      <Filter>Engine\Built in components\RendererComponent</Filter>
    </ClInclude>
    <ClInclude Include="..\include\gtest_lite.h">
      <Filter>Test</Filter>
    </ClInclude>
    <ClInclude Include="..\..\..\..\..\Personal\Programming\CPP\SDLWrapper\SDL_Wrapper_Lib\cpp_SDL.hpp">
      <Filter>SDLWrapperSource\header</Filter>
    </ClInclude>
    <ClInclude Include="..\..\..\..\..\Personal\Programming\CPP\SDLWrapper\SDL_Wrapper_Lib\cpp_SDL_Font.hpp">
      <Filter>SDLWrapperSource\header</Filter>
    </ClInclude>
    <ClInclude Include="..\..\..\..\..\Personal\Programming\CPP\SDLWrapper\SDL_Wrapper_Lib\cpp_SDL_include.hpp">
      <Filter>SDLWrapperSource\header</Filter>
    </ClInclude>
    <ClInclude Include="..\..\..\..\..\Personal\Programming\CPP\SDLWrapper\SDL_Wrapper_Lib\cpp_SDL_Mix_Chunk.hpp">
      <Filter>SDLWrapperSource\header</Filter>
    </ClInclude>
    <ClInclude Include="..\..\..\..\..\Personal\Programming\CPP\SDLWrapper\SDL_Wrapper_Lib\cpp_SDL_Mix_Music.hpp">
      <Filter>SDLWrapperSource\header</Filter>
    </ClInclude>
    <ClInclude Include="..\..\..\..\..\Personal\Programming\CPP\SDLWrapper\SDL_Wrapper_Lib\cpp_SDL_Mixer.hpp">
      <Filter>SDLWrapperSource\header</Filter>
    </ClInclude>
    <ClInclude Include="..\..\..\..\..\Personal\Programming\CPP\SDLWrapper\SDL_Wrapper_Lib\cpp_SDL_Rect.hpp">
      <Filter>SDLWrapperSource\header</Filter>
    </ClInclude>
    <ClInclude Include="..\..\..\..\..\Personal\Programming\CPP\SDLWrapper\SDL_Wrapper_Lib\cpp_SDL_Renderer.hpp">
      <Filter>SDLWrapperSource\header</Filter>
    </ClInclude>
    <ClInclude Include="..\..\..\..\..\Personal\Programming\CPP\SDLWrapper\SDL_Wrapper_Lib\cpp_SDL_Renderermanip.hpp">
      <Filter>SDLWrapperSource\header</Filter>
    </ClInclude>
    <ClInclude Include="..\..\..\..\..\Personal\Programming\CPP\SDLWrapper\SDL_Wrapper_Lib\cpp_SDL_Text.hpp">
      <Filter>SDLWrapperSource\header</Filter>
    </ClInclude>
    <ClInclude Include="..\..\..\..\..\Personal\Programming\CPP\SDLWrapper\SDL_Wrapper_Lib\cpp_SDL_Texture.hpp">
      <Filter>SDLWrapperSource\header</Filter>
    </ClInclude>
    <ClInclude Include="..\..\..\..\..\Personal\Programming\CPP\SDLWrapper\SDL_Wrapper_Lib\cpp_SDL_Window.hpp">
      <Filter>SDLWrapperSource\header</Filter>
    </ClInclude>
    <ClInclude Include="..\include\memtrace.h">
      <Filter>memtrace</Filter>
    </ClInclude>
    <ClInclude Include="AssetManager.hpp">
      <Filter>Engine\Core\AssetManager</Filter>
    </ClInclude>
    <ClInclude Include="Input.hpp">
      <Filter>Engine\Core\Input</Filter>
    </ClInclude>
    <ClInclude Include="UDCharacterController.hpp">
      <Filter>Engine\Built in components\UDCharacterController</Filter>
    </ClInclude>
    <ClInclude Include="UIRendererComponent.hpp">
      <Filter>Engine\Built in components\WorldRendererComponent</Filter>
    </ClInclude>
    <ClInclude Include="Camera.hpp">
      <Filter>Engine\Core\Camera</Filter>
    </ClInclude>
    <ClInclude Include="Time.hpp">
      <Filter>Engine\Core\Time</Filter>
    </ClInclude>
  </ItemGroup>
</Project>