<?xml version="1.0" encoding="utf-8"?>
<Project ToolsVersion="4.0" xmlns="http://schemas.microsoft.com/developer/msbuild/2003">
  <ItemGroup>
    <Filter Include="Resource Files">
      <UniqueIdentifier>{67DA6AB6-F800-4c08-8B7A-83BB121AAD01}</UniqueIdentifier>
      <Extensions>rc;ico;cur;bmp;dlg;rc2;rct;bin;rgs;gif;jpg;jpeg;jpe;resx;tiff;tif;png;wav;mfcribbon-ms</Extensions>
    </Filter>
    <Filter Include="SDLWrapperSource">
      <UniqueIdentifier>{7c8959ac-4234-4347-b399-05a13853797b}</UniqueIdentifier>
    </Filter>
    <Filter Include="Engine">
      <UniqueIdentifier>{0b0e9136-5616-4655-9eb1-ff78d99df307}</UniqueIdentifier>
    </Filter>
    <Filter Include="Engine\Base">
      <UniqueIdentifier>{5a38f133-501d-4044-aac5-c00bea8adb7d}</UniqueIdentifier>
    </Filter>
    <Filter Include="Engine\Base\Vec2">
      <UniqueIdentifier>{ee5f6ca0-0a2d-47a3-ad8c-ce8cfa3b36e7}</UniqueIdentifier>
    </Filter>
    <Filter Include="Engine\Base\Game">
      <UniqueIdentifier>{3275da79-d844-4364-99f4-171db502976b}</UniqueIdentifier>
    </Filter>
    <Filter Include="Engine\Base\Component">
      <UniqueIdentifier>{c3549187-b8fc-43f5-823e-b7a46eaec797}</UniqueIdentifier>
    </Filter>
    <Filter Include="Engine\Base\GameObject">
      <UniqueIdentifier>{205e2949-ac06-4b63-96d1-b9e516ce5b80}</UniqueIdentifier>
    </Filter>
    <Filter Include="Engine\Base\Transform">
      <UniqueIdentifier>{eb47459c-e28e-4bd0-9cbb-88d934bf6329}</UniqueIdentifier>
    </Filter>
    <Filter Include="Engine\Built in components">
      <UniqueIdentifier>{0aa7ce2e-fae3-476b-a82d-7e39506d98de}</UniqueIdentifier>
    </Filter>
    <Filter Include="Test">
      <UniqueIdentifier>{579b594f-04d6-409b-9eea-da0874b52ae1}</UniqueIdentifier>
    </Filter>
    <Filter Include="Engine\Init">
      <UniqueIdentifier>{945f44b2-bc33-4fc0-93f8-a58f8e18d529}</UniqueIdentifier>
    </Filter>
    <Filter Include="Engine\Built in components\RendererComponent">
      <UniqueIdentifier>{51308341-8751-4b8b-bca0-ebc984ca21f1}</UniqueIdentifier>
    </Filter>
  </ItemGroup>
  <ItemGroup>
    <ClCompile Include="..\..\..\..\..\Personal\Programming\CPP\SDLWrapper\SDL_Wrapper_Lib\cpp_SDL.cpp">
      <Filter>SDLWrapperSource</Filter>
    </ClCompile>
    <ClCompile Include="..\..\..\..\..\Personal\Programming\CPP\SDLWrapper\SDL_Wrapper_Lib\cpp_SDL_Font.cpp">
      <Filter>SDLWrapperSource</Filter>
    </ClCompile>
    <ClCompile Include="..\..\..\..\..\Personal\Programming\CPP\SDLWrapper\SDL_Wrapper_Lib\cpp_SDL_Mix_Chunk.cpp">
      <Filter>SDLWrapperSource</Filter>
    </ClCompile>
    <ClCompile Include="..\..\..\..\..\Personal\Programming\CPP\SDLWrapper\SDL_Wrapper_Lib\cpp_SDL_Mix_Music.cpp">
      <Filter>SDLWrapperSource</Filter>
    </ClCompile>
    <ClCompile Include="..\..\..\..\..\Personal\Programming\CPP\SDLWrapper\SDL_Wrapper_Lib\cpp_SDL_Mixer.cpp">
      <Filter>SDLWrapperSource</Filter>
    </ClCompile>
    <ClCompile Include="..\..\..\..\..\Personal\Programming\CPP\SDLWrapper\SDL_Wrapper_Lib\cpp_SDL_Renderer.cpp">
      <Filter>SDLWrapperSource</Filter>
    </ClCompile>
    <ClCompile Include="..\..\..\..\..\Personal\Programming\CPP\SDLWrapper\SDL_Wrapper_Lib\cpp_SDL_Renderermanip.cpp">
      <Filter>SDLWrapperSource</Filter>
    </ClCompile>
    <ClCompile Include="..\..\..\..\..\Personal\Programming\CPP\SDLWrapper\SDL_Wrapper_Lib\cpp_SDL_Text.cpp">
      <Filter>SDLWrapperSource</Filter>
    </ClCompile>
    <ClCompile Include="..\..\..\..\..\Personal\Programming\CPP\SDLWrapper\SDL_Wrapper_Lib\cpp_SDL_Texture.cpp">
      <Filter>SDLWrapperSource</Filter>
    </ClCompile>
    <ClCompile Include="..\..\..\..\..\Personal\Programming\CPP\SDLWrapper\SDL_Wrapper_Lib\cpp_SDL_Window.cpp">
      <Filter>SDLWrapperSource</Filter>
    </ClCompile>
    <ClCompile Include="Component.cpp">
      <Filter>Engine\Base\Component</Filter>
    </ClCompile>
    <ClCompile Include="Game.cpp">
      <Filter>Engine\Base\Game</Filter>
    </ClCompile>
    <ClCompile Include="GameObject.cpp">
      <Filter>Engine\Base\GameObject</Filter>
    </ClCompile>
    <ClCompile Include="Vector2.cpp">
      <Filter>Engine\Base\Vec2</Filter>
    </ClCompile>
    <ClCompile Include="main.cpp">
      <Filter>Test</Filter>
    </ClCompile>
    <ClCompile Include="init.cpp">
      <Filter>Test</Filter>
    </ClCompile>
    <ClCompile Include="RendererComponent.cpp">
      <Filter>Engine\Built in components\RendererComponent</Filter>
    </ClCompile>
  </ItemGroup>
  <ItemGroup>
    <ClInclude Include="Component.hpp">
      <Filter>Engine\Base\Component</Filter>
    </ClInclude>
    <ClInclude Include="Game.hpp">
      <Filter>Engine\Base\Game</Filter>
    </ClInclude>
    <ClInclude Include="GameObject.hpp">
      <Filter>Engine\Base\GameObject</Filter>
    </ClInclude>
    <ClInclude Include="Transform.hpp">
      <Filter>Engine\Base\Transform</Filter>
    </ClInclude>
    <ClInclude Include="Vector2.hpp">
      <Filter>Engine\Base\Vec2</Filter>
    </ClInclude>
    <ClInclude Include="init.hpp">
      <Filter>Engine\Init</Filter>
    </ClInclude>
    <ClInclude Include="example.hpp">
      <Filter>Test</Filter>
    </ClInclude>
    <ClInclude Include="SGE2.hpp">
      <Filter>Engine</Filter>
    </ClInclude>
    <ClInclude Include="RendererComponent.hpp">
      <Filter>Engine\Built in components\RendererComponent</Filter>
    </ClInclude>
    <ClInclude Include="..\include\gtest_lite.h">
      <Filter>Test</Filter>
    </ClInclude>
  </ItemGroup>
</Project>